
Microsoft Visual Studio Solution File, Format Version 12.00
# Visual Studio 15
VisualStudioVersion = 15.0.28307.960
MinimumVisualStudioVersion = 10.0.40219.1
Project("{8BC9CEB8-8B4A-11D0-8D11-00A0C91BC942}") = "DirectX12_Engine", "DirectX12_Engine\DirectX12_Engine.vcxproj", "{89DACE6C-3CCE-4445-A93A-C94E1C74956D}"
EndProject
Global
	GlobalSection(SolutionConfigurationPlatforms) = preSolution
		Debug|x64 = Debug|x64
		Debug|x86 = Debug|x86
		Release|x64 = Release|x64
		Release|x86 = Release|x86
	EndGlobalSection
	GlobalSection(ProjectConfigurationPlatforms) = postSolution
		{89DACE6C-3CCE-4445-A93A-C94E1C74956D}.Debug|x64.ActiveCfg = Debug|x64
		{89DACE6C-3CCE-4445-A93A-C94E1C74956D}.Debug|x64.Build.0 = Debug|x64
		{89DACE6C-3CCE-4445-A93A-C94E1C74956D}.Debug|x86.ActiveCfg = Debug|Win32
		{89DACE6C-3CCE-4445-A93A-C94E1C74956D}.Debug|x86.Build.0 = Debug|Win32
		{89DACE6C-3CCE-4445-A93A-C94E1C74956D}.Release|x64.ActiveCfg = Release|x64
		{89DACE6C-3CCE-4445-A93A-C94E1C74956D}.Release|x64.Build.0 = Release|x64
		{89DACE6C-3CCE-4445-A93A-C94E1C74956D}.Release|x86.ActiveCfg = Release|Win32
		{89DACE6C-3CCE-4445-A93A-C94E1C74956D}.Release|x86.Build.0 = Release|Win32
	EndGlobalSection
	GlobalSection(SolutionProperties) = preSolution
		HideSolutionNode = FALSE
	EndGlobalSection
	GlobalSection(ExtensibilityGlobals) = postSolution
		SolutionGuid = {A98554F2-976F-4CC4-A83A-09E766191D06}
	EndGlobalSection
EndGlobal
